
Microsoft Visual Studio Solution File, Format Version 12.00
# Visual Studio Version 16
VisualStudioVersion = 16.0.29009.5
MinimumVisualStudioVersion = 10.0.40219.1
Project("{9A19103F-16F7-4668-BE54-9A1E7A4F7556}") = "BackingSource", "src\BackingSource\BackingSource.csproj", "{146A70E7-0AEF-4AC8-84CE-23DD3B7639C3}"
EndProject
Project("{9A19103F-16F7-4668-BE54-9A1E7A4F7556}") = "CustomerSample", "src\CustomerModel\CustomerSample.csproj", "{B102B43B-0B67-4D71-B87E-0459F6F67917}"
EndProject
Project("{9A19103F-16F7-4668-BE54-9A1E7A4F7556}") = "CardPaymentApp", "src\CardpaymentApp\CardPaymentApp.csproj", "{B2A7FB5C-4AA2-4B66-9802-E98F22EDC4F4}"
EndProject
Project("{9A19103F-16F7-4668-BE54-9A1E7A4F7556}") = "FraudDetector", "src\FraudDetector\FraudDetector.csproj", "{79F6661D-8FF7-423E-8503-BEECEC0F81AF}"
EndProject
Project("{9A19103F-16F7-4668-BE54-9A1E7A4F7556}") = "Common", "src\Common\Common.csproj", "{026F6644-E8FB-4971-BF19-391EA87B49F2}"
EndProject
Global
	GlobalSection(SolutionConfigurationPlatforms) = preSolution
		Debug|Any CPU = Debug|Any CPU
		Release|Any CPU = Release|Any CPU
	EndGlobalSection
	GlobalSection(ProjectConfigurationPlatforms) = postSolution
		{146A70E7-0AEF-4AC8-84CE-23DD3B7639C3}.Debug|Any CPU.ActiveCfg = Debug|Any CPU
		{146A70E7-0AEF-4AC8-84CE-23DD3B7639C3}.Debug|Any CPU.Build.0 = Debug|Any CPU
		{146A70E7-0AEF-4AC8-84CE-23DD3B7639C3}.Release|Any CPU.ActiveCfg = Release|Any CPU
		{146A70E7-0AEF-4AC8-84CE-23DD3B7639C3}.Release|Any CPU.Build.0 = Release|Any CPU
		{B102B43B-0B67-4D71-B87E-0459F6F67917}.Debug|Any CPU.ActiveCfg = Debug|Any CPU
		{B102B43B-0B67-4D71-B87E-0459F6F67917}.Debug|Any CPU.Build.0 = Debug|Any CPU
		{B102B43B-0B67-4D71-B87E-0459F6F67917}.Release|Any CPU.ActiveCfg = Release|Any CPU
		{B102B43B-0B67-4D71-B87E-0459F6F67917}.Release|Any CPU.Build.0 = Release|Any CPU
		{B2A7FB5C-4AA2-4B66-9802-E98F22EDC4F4}.Debug|Any CPU.ActiveCfg = Debug|Any CPU
		{B2A7FB5C-4AA2-4B66-9802-E98F22EDC4F4}.Debug|Any CPU.Build.0 = Debug|Any CPU
		{B2A7FB5C-4AA2-4B66-9802-E98F22EDC4F4}.Release|Any CPU.ActiveCfg = Release|Any CPU
		{B2A7FB5C-4AA2-4B66-9802-E98F22EDC4F4}.Release|Any CPU.Build.0 = Release|Any CPU
		{79F6661D-8FF7-423E-8503-BEECEC0F81AF}.Debug|Any CPU.ActiveCfg = Debug|Any CPU
		{79F6661D-8FF7-423E-8503-BEECEC0F81AF}.Debug|Any CPU.Build.0 = Debug|Any CPU
		{79F6661D-8FF7-423E-8503-BEECEC0F81AF}.Release|Any CPU.ActiveCfg = Release|Any CPU
		{79F6661D-8FF7-423E-8503-BEECEC0F81AF}.Release|Any CPU.Build.0 = Release|Any CPU
		{026F6644-E8FB-4971-BF19-391EA87B49F2}.Debug|Any CPU.ActiveCfg = Debug|Any CPU
		{026F6644-E8FB-4971-BF19-391EA87B49F2}.Debug|Any CPU.Build.0 = Debug|Any CPU
		{026F6644-E8FB-4971-BF19-391EA87B49F2}.Release|Any CPU.ActiveCfg = Release|Any CPU
		{026F6644-E8FB-4971-BF19-391EA87B49F2}.Release|Any CPU.Build.0 = Release|Any CPU
	EndGlobalSection
	GlobalSection(SolutionProperties) = preSolution
		HideSolutionNode = FALSE
	EndGlobalSection
	GlobalSection(ExtensibilityGlobals) = postSolution
		SolutionGuid = {D55A9DEF-3391-4391-8E16-195123FF6D1C}
	EndGlobalSection
EndGlobal
