
Microsoft Visual Studio Solution File, Format Version 12.00
# Visual Studio Version 16
VisualStudioVersion = 16.0.29318.209
MinimumVisualStudioVersion = 10.0.40219.1
Project("{151D2E53-A2C4-4D7D-83FE-D05416EBD58E}") = "NCacheArmTemplate", "NCacheArmTemplate\NCacheArmTemplate.deployproj", "{DB69A15F-CA13-4FAD-94AD-0641D657874F}"
EndProject
Global
	GlobalSection(SolutionConfigurationPlatforms) = preSolution
		Debug|Any CPU = Debug|Any CPU
		Release|Any CPU = Release|Any CPU
	EndGlobalSection
	GlobalSection(ProjectConfigurationPlatforms) = postSolution
		{DB69A15F-CA13-4FAD-94AD-0641D657874F}.Debug|Any CPU.ActiveCfg = Debug|Any CPU
		{DB69A15F-CA13-4FAD-94AD-0641D657874F}.Debug|Any CPU.Build.0 = Debug|Any CPU
		{DB69A15F-CA13-4FAD-94AD-0641D657874F}.Release|Any CPU.ActiveCfg = Release|Any CPU
		{DB69A15F-CA13-4FAD-94AD-0641D657874F}.Release|Any CPU.Build.0 = Release|Any CPU
	EndGlobalSection
	GlobalSection(SolutionProperties) = preSolution
		HideSolutionNode = FALSE
	EndGlobalSection
	GlobalSection(ExtensibilityGlobals) = postSolution
		SolutionGuid = {88CB2672-C1E1-47D2-8752-FFE0C59934F3}
	EndGlobalSection
EndGlobal
