
Microsoft Visual Studio Solution File, Format Version 12.00
# Visual Studio Version 16
VisualStudioVersion = 16.0.29411.108
MinimumVisualStudioVersion = 10.0.40219.1
Project("{FAE04EC0-301F-11D3-BF4B-00C04F79EFBC}") = "CustomDependencyNotifyImpl", "src\CustomDependencyNotifyImpl\CustomDependencyNotifyImpl.csproj", "{1CD8B875-E3F3-48D3-AEBE-DA6629A74FEE}"
EndProject
Project("{9A19103F-16F7-4668-BE54-9A1E7A4F7556}") = "Models", "src\Models\Models.csproj", "{55FF34A5-8DCB-4BCD-82C9-CBF6D9FD463C}"
EndProject
Project("{FAE04EC0-301F-11D3-BF4B-00C04F79EFBC}") = "NotifyExtensibleDependencyTesterUI", "src\NotifyExtensibleDependencyTesterUI\NotifyExtensibleDependencyTesterUI.csproj", "{931DAE10-4FDA-43C6-AF9A-F5B7B5F9BDBB}"
EndProject
Global
	GlobalSection(SolutionConfigurationPlatforms) = preSolution
		Debug|Any CPU = Debug|Any CPU
		Release|Any CPU = Release|Any CPU
	EndGlobalSection
	GlobalSection(ProjectConfigurationPlatforms) = postSolution
		{1CD8B875-E3F3-48D3-AEBE-DA6629A74FEE}.Debug|Any CPU.ActiveCfg = Debug|Any CPU
		{1CD8B875-E3F3-48D3-AEBE-DA6629A74FEE}.Debug|Any CPU.Build.0 = Debug|Any CPU
		{1CD8B875-E3F3-48D3-AEBE-DA6629A74FEE}.Release|Any CPU.ActiveCfg = Release|Any CPU
		{1CD8B875-E3F3-48D3-AEBE-DA6629A74FEE}.Release|Any CPU.Build.0 = Release|Any CPU
		{55FF34A5-8DCB-4BCD-82C9-CBF6D9FD463C}.Debug|Any CPU.ActiveCfg = Debug|Any CPU
		{55FF34A5-8DCB-4BCD-82C9-CBF6D9FD463C}.Debug|Any CPU.Build.0 = Debug|Any CPU
		{55FF34A5-8DCB-4BCD-82C9-CBF6D9FD463C}.Release|Any CPU.ActiveCfg = Release|Any CPU
		{55FF34A5-8DCB-4BCD-82C9-CBF6D9FD463C}.Release|Any CPU.Build.0 = Release|Any CPU
		{931DAE10-4FDA-43C6-AF9A-F5B7B5F9BDBB}.Debug|Any CPU.ActiveCfg = Debug|Any CPU
		{931DAE10-4FDA-43C6-AF9A-F5B7B5F9BDBB}.Debug|Any CPU.Build.0 = Debug|Any CPU
		{931DAE10-4FDA-43C6-AF9A-F5B7B5F9BDBB}.Release|Any CPU.ActiveCfg = Release|Any CPU
		{931DAE10-4FDA-43C6-AF9A-F5B7B5F9BDBB}.Release|Any CPU.Build.0 = Release|Any CPU
	EndGlobalSection
	GlobalSection(SolutionProperties) = preSolution
		HideSolutionNode = FALSE
	EndGlobalSection
	GlobalSection(ExtensibilityGlobals) = postSolution
		SolutionGuid = {646E4C57-C3E2-4611-9437-37135F5E952B}
	EndGlobalSection
EndGlobal
