
Microsoft Visual Studio Solution File, Format Version 12.00
# Visual Studio Version 16
VisualStudioVersion = 16.0.30413.136
MinimumVisualStudioVersion = 10.0.40219.1
Project("{9A19103F-16F7-4668-BE54-9A1E7A4F7556}") = "MongoDbNotifyExtensibleDependencyImpl", "MongoDbNotificationDependency\MongoDbNotifyExtensibleDependencyImpl.csproj", "{EF02FCEF-A1B7-42B5-B00B-0BAAEBCB8FA6}"
EndProject
Project("{FAE04EC0-301F-11D3-BF4B-00C04F79EFBC}") = "Models", "Models\Models.csproj", "{C1273C44-2B86-4063-83BF-E028C5650FB3}"
EndProject
Project("{FAE04EC0-301F-11D3-BF4B-00C04F79EFBC}") = "MongoDbNotifyExtensibleDependencyTest", "MongoDbNotifyExtensibleDependencyTest\MongoDbNotifyExtensibleDependencyTest.csproj", "{3D5B5131-2343-4244-BB4F-EDD9FD2FC28E}"
EndProject
Global
	GlobalSection(SolutionConfigurationPlatforms) = preSolution
		Debug|Any CPU = Debug|Any CPU
		Release|Any CPU = Release|Any CPU
	EndGlobalSection
	GlobalSection(ProjectConfigurationPlatforms) = postSolution
		{EF02FCEF-A1B7-42B5-B00B-0BAAEBCB8FA6}.Debug|Any CPU.ActiveCfg = Debug|Any CPU
		{EF02FCEF-A1B7-42B5-B00B-0BAAEBCB8FA6}.Debug|Any CPU.Build.0 = Debug|Any CPU
		{EF02FCEF-A1B7-42B5-B00B-0BAAEBCB8FA6}.Release|Any CPU.ActiveCfg = Release|Any CPU
		{EF02FCEF-A1B7-42B5-B00B-0BAAEBCB8FA6}.Release|Any CPU.Build.0 = Release|Any CPU
		{C1273C44-2B86-4063-83BF-E028C5650FB3}.Debug|Any CPU.ActiveCfg = Debug|Any CPU
		{C1273C44-2B86-4063-83BF-E028C5650FB3}.Debug|Any CPU.Build.0 = Debug|Any CPU
		{C1273C44-2B86-4063-83BF-E028C5650FB3}.Release|Any CPU.ActiveCfg = Release|Any CPU
		{C1273C44-2B86-4063-83BF-E028C5650FB3}.Release|Any CPU.Build.0 = Release|Any CPU
		{3D5B5131-2343-4244-BB4F-EDD9FD2FC28E}.Debug|Any CPU.ActiveCfg = Debug|Any CPU
		{3D5B5131-2343-4244-BB4F-EDD9FD2FC28E}.Debug|Any CPU.Build.0 = Debug|Any CPU
		{3D5B5131-2343-4244-BB4F-EDD9FD2FC28E}.Release|Any CPU.ActiveCfg = Release|Any CPU
		{3D5B5131-2343-4244-BB4F-EDD9FD2FC28E}.Release|Any CPU.Build.0 = Release|Any CPU
	EndGlobalSection
	GlobalSection(SolutionProperties) = preSolution
		HideSolutionNode = FALSE
	EndGlobalSection
	GlobalSection(ExtensibilityGlobals) = postSolution
		SolutionGuid = {B72B6356-8FC8-4D58-9A41-50AD722D6128}
	EndGlobalSection
EndGlobal
